
Microsoft Visual Studio Solution File, Format Version 12.00
# Visual Studio Version 16
VisualStudioVersion = 16.0.29613.14
MinimumVisualStudioVersion = 10.0.40219.1
Project("{FAE04EC0-301F-11D3-BF4B-00C04F79EFBC}") = "EchoBot3", "EchoBot3\EchoBot3.csproj", "{81AEB777-1B6F-40DC-9270-4BFBB78CE8F8}"
EndProject
Global
	GlobalSection(SolutionConfigurationPlatforms) = preSolution
		Debug|Any CPU = Debug|Any CPU
		Release|Any CPU = Release|Any CPU
	EndGlobalSection
	GlobalSection(ProjectConfigurationPlatforms) = postSolution
		{81AEB777-1B6F-40DC-9270-4BFBB78CE8F8}.Debug|Any CPU.ActiveCfg = Debug|Any CPU
		{81AEB777-1B6F-40DC-9270-4BFBB78CE8F8}.Debug|Any CPU.Build.0 = Debug|Any CPU
		{81AEB777-1B6F-40DC-9270-4BFBB78CE8F8}.Release|Any CPU.ActiveCfg = Release|Any CPU
		{81AEB777-1B6F-40DC-9270-4BFBB78CE8F8}.Release|Any CPU.Build.0 = Release|Any CPU
	EndGlobalSection
	GlobalSection(SolutionProperties) = preSolution
		HideSolutionNode = FALSE
	EndGlobalSection
	GlobalSection(ExtensibilityGlobals) = postSolution
		SolutionGuid = {D55190B2-9795-4F64-8D4D-B8FE2A22C94A}
	EndGlobalSection
EndGlobal
